<?xml version="1.0" encoding="UTF-8" standalone="yes" ?>
<CodeBlocks_project_file>
   <FileVersion major="1" minor="6" />
   <Project>
      <Option title="GA2" />
      <Option makefile_is_custom="1" />
      <Option compiler="gcc" />
      <Option virtualFolders="CMake Files\;CMake Files\src\;" />
      <Build>
      <Target title="all">
         <Option working_dir="/home/kushal/GA2" />
         <Option type="4" />
         <MakeCommands>
            <Build command="/usr/bin/make -f &quot;/home/kushal/GA2/Makefile&quot;  VERBOSE=1 all" />
            <CompileFile command="/usr/bin/make -f &quot;/home/kushal/GA2/Makefile&quot;  VERBOSE=1 &quot;$file&quot;" />
            <Clean command="/usr/bin/make -f &quot;/home/kushal/GA2/Makefile&quot;  VERBOSE=1 clean" />
            <DistClean command="/usr/bin/make -f &quot;/home/kushal/GA2/Makefile&quot;  VERBOSE=1 clean" />
         </MakeCommands>
      </Target>
      <Target title="edit_cache">
         <Option working_dir="/home/kushal/GA2" />
         <Option type="4" />
         <MakeCommands>
            <Build command="/usr/bin/make -f &quot;/home/kushal/GA2/Makefile&quot;  VERBOSE=1 edit_cache" />
            <CompileFile command="/usr/bin/make -f &quot;/home/kushal/GA2/Makefile&quot;  VERBOSE=1 &quot;$file&quot;" />
            <Clean command="/usr/bin/make -f &quot;/home/kushal/GA2/Makefile&quot;  VERBOSE=1 clean" />
            <DistClean command="/usr/bin/make -f &quot;/home/kushal/GA2/Makefile&quot;  VERBOSE=1 clean" />
         </MakeCommands>
      </Target>
      <Target title="rebuild_cache">
         <Option working_dir="/home/kushal/GA2" />
         <Option type="4" />
         <MakeCommands>
            <Build command="/usr/bin/make -f &quot;/home/kushal/GA2/Makefile&quot;  VERBOSE=1 rebuild_cache" />
            <CompileFile command="/usr/bin/make -f &quot;/home/kushal/GA2/Makefile&quot;  VERBOSE=1 &quot;$file&quot;" />
            <Clean command="/usr/bin/make -f &quot;/home/kushal/GA2/Makefile&quot;  VERBOSE=1 clean" />
            <DistClean command="/usr/bin/make -f &quot;/home/kushal/GA2/Makefile&quot;  VERBOSE=1 clean" />
         </MakeCommands>
      </Target>
      <Target title="GA2">
         <Option output="/home/kushal/GA2/GA2" prefix_auto="0" extension_auto="0" />
         <Option working_dir="/home/kushal/GA2" />
         <Option object_output="./" />
         <Option type="1" />
         <Option compiler="gcc" />
         <Compiler>
            <Add directory="/usr/include/libdrm" />
         </Compiler>
         <MakeCommands>
            <Build command="/usr/bin/make -f &quot;/home/kushal/GA2/Makefile&quot;  VERBOSE=1 GA2" />
            <CompileFile command="/usr/bin/make -f &quot;/home/kushal/GA2/Makefile&quot;  VERBOSE=1 &quot;$file&quot;" />
            <Clean command="/usr/bin/make -f &quot;/home/kushal/GA2/Makefile&quot;  VERBOSE=1 clean" />
            <DistClean command="/usr/bin/make -f &quot;/home/kushal/GA2/Makefile&quot;  VERBOSE=1 clean" />
         </MakeCommands>
      </Target>
      <Target title="GA2/fast">
         <Option output="/home/kushal/GA2/GA2" prefix_auto="0" extension_auto="0" />
         <Option working_dir="/home/kushal/GA2" />
         <Option object_output="./" />
         <Option type="1" />
         <Option compiler="gcc" />
         <Compiler>
            <Add directory="/usr/include/libdrm" />
         </Compiler>
         <MakeCommands>
            <Build command="/usr/bin/make -f &quot;/home/kushal/GA2/Makefile&quot;  VERBOSE=1 GA2/fast" />
            <CompileFile command="/usr/bin/make -f &quot;/home/kushal/GA2/Makefile&quot;  VERBOSE=1 &quot;$file&quot;" />
            <Clean command="/usr/bin/make -f &quot;/home/kushal/GA2/Makefile&quot;  VERBOSE=1 clean" />
            <DistClean command="/usr/bin/make -f &quot;/home/kushal/GA2/Makefile&quot;  VERBOSE=1 clean" />
         </MakeCommands>
      </Target>
      </Build>
      <Unit filename="/home/kushal/GA2/src/ball.cpp">
         <Option target="GA2"/>
      </Unit>
      <Unit filename="/home/kushal/GA2/src/ball.h">
         <Option target="GA2"/>
      </Unit>
      <Unit filename="/home/kushal/GA2/src/boat.cpp">
         <Option target="GA2"/>
      </Unit>
      <Unit filename="/home/kushal/GA2/src/boat.h">
         <Option target="GA2"/>
      </Unit>
      <Unit filename="/home/kushal/GA2/src/color.cpp">
         <Option target="GA2"/>
      </Unit>
      <Unit filename="/home/kushal/GA2/src/input.cpp">
         <Option target="GA2"/>
      </Unit>
      <Unit filename="/home/kushal/GA2/src/main.cpp">
         <Option target="GA2"/>
      </Unit>
      <Unit filename="/home/kushal/GA2/src/main.h">
         <Option target="GA2"/>
      </Unit>
      <Unit filename="/home/kushal/GA2/src/nonedit.cpp">
         <Option target="GA2"/>
      </Unit>
      <Unit filename="/home/kushal/GA2/src/other_handlers.cpp">
         <Option target="GA2"/>
      </Unit>
      <Unit filename="/home/kushal/GA2/src/timer.cpp">
         <Option target="GA2"/>
      </Unit>
      <Unit filename="/home/kushal/GA2/src/timer.h">
         <Option target="GA2"/>
      </Unit>
      <Unit filename="/home/kushal/GA2/src/water.cpp">
         <Option target="GA2"/>
      </Unit>
      <Unit filename="/home/kushal/GA2/src/water.h">
         <Option target="GA2"/>
      </Unit>
      <Unit filename="/home/kushal/GA2/CMakeLists.txt">
          <Option virtualFolder="CMake Files\" />
      </Unit>
      <Unit filename="/home/kushal/GA2/src/Sample_GL.vert">
          <Option virtualFolder="CMake Files\src\" />
      </Unit>
      <Unit filename="/home/kushal/GA2/src/Sample_GL.frag">
          <Option virtualFolder="CMake Files\src\" />
      </Unit>
   </Project>
</CodeBlocks_project_file>
